
Microsoft Visual Studio Solution File, Format Version 12.00
# Visual Studio 15
VisualStudioVersion = 15.0.26730.16
MinimumVisualStudioVersion = 10.0.40219.1
Project("{FAE04EC0-301F-11D3-BF4B-00C04F79EFBC}") = "KlasseKasse", "KlasseKasse\KlasseKasse.csproj", "{E6A031F9-5FD2-4ED4-B078-B8F4B0972D30}"
EndProject
Global
	GlobalSection(SolutionConfigurationPlatforms) = preSolution
		Debug|Any CPU = Debug|Any CPU
		Release|Any CPU = Release|Any CPU
	EndGlobalSection
	GlobalSection(ProjectConfigurationPlatforms) = postSolution
		{E6A031F9-5FD2-4ED4-B078-B8F4B0972D30}.Debug|Any CPU.ActiveCfg = Debug|Any CPU
		{E6A031F9-5FD2-4ED4-B078-B8F4B0972D30}.Debug|Any CPU.Build.0 = Debug|Any CPU
		{E6A031F9-5FD2-4ED4-B078-B8F4B0972D30}.Release|Any CPU.ActiveCfg = Release|Any CPU
		{E6A031F9-5FD2-4ED4-B078-B8F4B0972D30}.Release|Any CPU.Build.0 = Release|Any CPU
	EndGlobalSection
	GlobalSection(SolutionProperties) = preSolution
		HideSolutionNode = FALSE
	EndGlobalSection
	GlobalSection(ExtensibilityGlobals) = postSolution
		SolutionGuid = {5D591968-D20B-4D85-9D70-77AA8033BD01}
	EndGlobalSection
EndGlobal
